
Microsoft Visual Studio Solution File, Format Version 12.00
# Visual Studio Version 16
VisualStudioVersion = 16.0.30114.105
MinimumVisualStudioVersion = 10.0.40219.1
Project("{FAE04EC0-301F-11D3-BF4B-00C04F79EFBC}") = "application", "Api.Application\application.csproj", "{7C029692-CAD0-48C5-94E1-5562C7A99089}"
EndProject
Project("{FAE04EC0-301F-11D3-BF4B-00C04F79EFBC}") = "Domain", "Api.Domain\Domain.csproj", "{D1BE1300-BFDC-47C0-8275-64C8B32DBF55}"
EndProject
Project("{FAE04EC0-301F-11D3-BF4B-00C04F79EFBC}") = "CrossCutting", "Api.Infra.CrossCutting\CrossCutting.csproj", "{A96C128C-3BBE-47CE-9475-F235F3F540FF}"
EndProject
Project("{FAE04EC0-301F-11D3-BF4B-00C04F79EFBC}") = "Data", "Api.Infra.Data\Data.csproj", "{994BDA5B-9FCB-4064-8A02-E76EAAB44282}"
EndProject
Project("{FAE04EC0-301F-11D3-BF4B-00C04F79EFBC}") = "Service", "Api.Service\Service.csproj", "{DC7F4484-853D-4603-A00D-60E063D06CCC}"
EndProject
Project("{FAE04EC0-301F-11D3-BF4B-00C04F79EFBC}") = "Api.Infra.Data.Test", "Api.Infra.Data.Test\Api.Infra.Data.Test.csproj", "{1BAB9696-E448-4361-BFEE-76B35B490A0C}"
EndProject
Project("{FAE04EC0-301F-11D3-BF4B-00C04F79EFBC}") = "Api.Service.Test", "Api.Service.Test\Api.Service.Test.csproj", "{B43A3D21-5F01-4352-A292-7FE6ADEA8972}"
EndProject
Project("{FAE04EC0-301F-11D3-BF4B-00C04F79EFBC}") = "Api.Application.Test", "Api.Application.Test\Api.Application.Test.csproj", "{35F6C78C-1001-47A1-A1C2-BBF306ED7B3A}"
EndProject
Project("{FAE04EC0-301F-11D3-BF4B-00C04F79EFBC}") = "Api.Integration.Test", "Api.Integration.Test\Api.Integration.Test.csproj", "{B203D9F7-E85B-4B5F-BD6B-1E5A87995E4D}"
EndProject
Global
	GlobalSection(SolutionConfigurationPlatforms) = preSolution
		Debug|Any CPU = Debug|Any CPU
		Debug|x64 = Debug|x64
		Debug|x86 = Debug|x86
		Release|Any CPU = Release|Any CPU
		Release|x64 = Release|x64
		Release|x86 = Release|x86
	EndGlobalSection
	GlobalSection(SolutionProperties) = preSolution
		HideSolutionNode = FALSE
	EndGlobalSection
	GlobalSection(ProjectConfigurationPlatforms) = postSolution
		{7C029692-CAD0-48C5-94E1-5562C7A99089}.Debug|Any CPU.ActiveCfg = Debug|Any CPU
		{7C029692-CAD0-48C5-94E1-5562C7A99089}.Debug|Any CPU.Build.0 = Debug|Any CPU
		{7C029692-CAD0-48C5-94E1-5562C7A99089}.Debug|x64.ActiveCfg = Debug|Any CPU
		{7C029692-CAD0-48C5-94E1-5562C7A99089}.Debug|x64.Build.0 = Debug|Any CPU
		{7C029692-CAD0-48C5-94E1-5562C7A99089}.Debug|x86.ActiveCfg = Debug|Any CPU
		{7C029692-CAD0-48C5-94E1-5562C7A99089}.Debug|x86.Build.0 = Debug|Any CPU
		{7C029692-CAD0-48C5-94E1-5562C7A99089}.Release|Any CPU.ActiveCfg = Release|Any CPU
		{7C029692-CAD0-48C5-94E1-5562C7A99089}.Release|Any CPU.Build.0 = Release|Any CPU
		{7C029692-CAD0-48C5-94E1-5562C7A99089}.Release|x64.ActiveCfg = Release|Any CPU
		{7C029692-CAD0-48C5-94E1-5562C7A99089}.Release|x64.Build.0 = Release|Any CPU
		{7C029692-CAD0-48C5-94E1-5562C7A99089}.Release|x86.ActiveCfg = Release|Any CPU
		{7C029692-CAD0-48C5-94E1-5562C7A99089}.Release|x86.Build.0 = Release|Any CPU
		{D1BE1300-BFDC-47C0-8275-64C8B32DBF55}.Debug|Any CPU.ActiveCfg = Debug|Any CPU
		{D1BE1300-BFDC-47C0-8275-64C8B32DBF55}.Debug|Any CPU.Build.0 = Debug|Any CPU
		{D1BE1300-BFDC-47C0-8275-64C8B32DBF55}.Debug|x64.ActiveCfg = Debug|Any CPU
		{D1BE1300-BFDC-47C0-8275-64C8B32DBF55}.Debug|x64.Build.0 = Debug|Any CPU
		{D1BE1300-BFDC-47C0-8275-64C8B32DBF55}.Debug|x86.ActiveCfg = Debug|Any CPU
		{D1BE1300-BFDC-47C0-8275-64C8B32DBF55}.Debug|x86.Build.0 = Debug|Any CPU
		{D1BE1300-BFDC-47C0-8275-64C8B32DBF55}.Release|Any CPU.ActiveCfg = Release|Any CPU
		{D1BE1300-BFDC-47C0-8275-64C8B32DBF55}.Release|Any CPU.Build.0 = Release|Any CPU
		{D1BE1300-BFDC-47C0-8275-64C8B32DBF55}.Release|x64.ActiveCfg = Release|Any CPU
		{D1BE1300-BFDC-47C0-8275-64C8B32DBF55}.Release|x64.Build.0 = Release|Any CPU
		{D1BE1300-BFDC-47C0-8275-64C8B32DBF55}.Release|x86.ActiveCfg = Release|Any CPU
		{D1BE1300-BFDC-47C0-8275-64C8B32DBF55}.Release|x86.Build.0 = Release|Any CPU
		{A96C128C-3BBE-47CE-9475-F235F3F540FF}.Debug|Any CPU.ActiveCfg = Debug|Any CPU
		{A96C128C-3BBE-47CE-9475-F235F3F540FF}.Debug|Any CPU.Build.0 = Debug|Any CPU
		{A96C128C-3BBE-47CE-9475-F235F3F540FF}.Debug|x64.ActiveCfg = Debug|Any CPU
		{A96C128C-3BBE-47CE-9475-F235F3F540FF}.Debug|x64.Build.0 = Debug|Any CPU
		{A96C128C-3BBE-47CE-9475-F235F3F540FF}.Debug|x86.ActiveCfg = Debug|Any CPU
		{A96C128C-3BBE-47CE-9475-F235F3F540FF}.Debug|x86.Build.0 = Debug|Any CPU
		{A96C128C-3BBE-47CE-9475-F235F3F540FF}.Release|Any CPU.ActiveCfg = Release|Any CPU
		{A96C128C-3BBE-47CE-9475-F235F3F540FF}.Release|Any CPU.Build.0 = Release|Any CPU
		{A96C128C-3BBE-47CE-9475-F235F3F540FF}.Release|x64.ActiveCfg = Release|Any CPU
		{A96C128C-3BBE-47CE-9475-F235F3F540FF}.Release|x64.Build.0 = Release|Any CPU
		{A96C128C-3BBE-47CE-9475-F235F3F540FF}.Release|x86.ActiveCfg = Release|Any CPU
		{A96C128C-3BBE-47CE-9475-F235F3F540FF}.Release|x86.Build.0 = Release|Any CPU
		{994BDA5B-9FCB-4064-8A02-E76EAAB44282}.Debug|Any CPU.ActiveCfg = Debug|Any CPU
		{994BDA5B-9FCB-4064-8A02-E76EAAB44282}.Debug|Any CPU.Build.0 = Debug|Any CPU
		{994BDA5B-9FCB-4064-8A02-E76EAAB44282}.Debug|x64.ActiveCfg = Debug|Any CPU
		{994BDA5B-9FCB-4064-8A02-E76EAAB44282}.Debug|x64.Build.0 = Debug|Any CPU
		{994BDA5B-9FCB-4064-8A02-E76EAAB44282}.Debug|x86.ActiveCfg = Debug|Any CPU
		{994BDA5B-9FCB-4064-8A02-E76EAAB44282}.Debug|x86.Build.0 = Debug|Any CPU
		{994BDA5B-9FCB-4064-8A02-E76EAAB44282}.Release|Any CPU.ActiveCfg = Release|Any CPU
		{994BDA5B-9FCB-4064-8A02-E76EAAB44282}.Release|Any CPU.Build.0 = Release|Any CPU
		{994BDA5B-9FCB-4064-8A02-E76EAAB44282}.Release|x64.ActiveCfg = Release|Any CPU
		{994BDA5B-9FCB-4064-8A02-E76EAAB44282}.Release|x64.Build.0 = Release|Any CPU
		{994BDA5B-9FCB-4064-8A02-E76EAAB44282}.Release|x86.ActiveCfg = Release|Any CPU
		{994BDA5B-9FCB-4064-8A02-E76EAAB44282}.Release|x86.Build.0 = Release|Any CPU
		{DC7F4484-853D-4603-A00D-60E063D06CCC}.Debug|Any CPU.ActiveCfg = Debug|Any CPU
		{DC7F4484-853D-4603-A00D-60E063D06CCC}.Debug|Any CPU.Build.0 = Debug|Any CPU
		{DC7F4484-853D-4603-A00D-60E063D06CCC}.Debug|x64.ActiveCfg = Debug|Any CPU
		{DC7F4484-853D-4603-A00D-60E063D06CCC}.Debug|x64.Build.0 = Debug|Any CPU
		{DC7F4484-853D-4603-A00D-60E063D06CCC}.Debug|x86.ActiveCfg = Debug|Any CPU
		{DC7F4484-853D-4603-A00D-60E063D06CCC}.Debug|x86.Build.0 = Debug|Any CPU
		{DC7F4484-853D-4603-A00D-60E063D06CCC}.Release|Any CPU.ActiveCfg = Release|Any CPU
		{DC7F4484-853D-4603-A00D-60E063D06CCC}.Release|Any CPU.Build.0 = Release|Any CPU
		{DC7F4484-853D-4603-A00D-60E063D06CCC}.Release|x64.ActiveCfg = Release|Any CPU
		{DC7F4484-853D-4603-A00D-60E063D06CCC}.Release|x64.Build.0 = Release|Any CPU
		{DC7F4484-853D-4603-A00D-60E063D06CCC}.Release|x86.ActiveCfg = Release|Any CPU
		{DC7F4484-853D-4603-A00D-60E063D06CCC}.Release|x86.Build.0 = Release|Any CPU
		{1BAB9696-E448-4361-BFEE-76B35B490A0C}.Debug|Any CPU.ActiveCfg = Debug|Any CPU
		{1BAB9696-E448-4361-BFEE-76B35B490A0C}.Debug|Any CPU.Build.0 = Debug|Any CPU
		{1BAB9696-E448-4361-BFEE-76B35B490A0C}.Debug|x64.ActiveCfg = Debug|Any CPU
		{1BAB9696-E448-4361-BFEE-76B35B490A0C}.Debug|x64.Build.0 = Debug|Any CPU
		{1BAB9696-E448-4361-BFEE-76B35B490A0C}.Debug|x86.ActiveCfg = Debug|Any CPU
		{1BAB9696-E448-4361-BFEE-76B35B490A0C}.Debug|x86.Build.0 = Debug|Any CPU
		{1BAB9696-E448-4361-BFEE-76B35B490A0C}.Release|Any CPU.ActiveCfg = Release|Any CPU
		{1BAB9696-E448-4361-BFEE-76B35B490A0C}.Release|Any CPU.Build.0 = Release|Any CPU
		{1BAB9696-E448-4361-BFEE-76B35B490A0C}.Release|x64.ActiveCfg = Release|Any CPU
		{1BAB9696-E448-4361-BFEE-76B35B490A0C}.Release|x64.Build.0 = Release|Any CPU
		{1BAB9696-E448-4361-BFEE-76B35B490A0C}.Release|x86.ActiveCfg = Release|Any CPU
		{1BAB9696-E448-4361-BFEE-76B35B490A0C}.Release|x86.Build.0 = Release|Any CPU
		{B43A3D21-5F01-4352-A292-7FE6ADEA8972}.Debug|Any CPU.ActiveCfg = Debug|Any CPU
		{B43A3D21-5F01-4352-A292-7FE6ADEA8972}.Debug|Any CPU.Build.0 = Debug|Any CPU
		{B43A3D21-5F01-4352-A292-7FE6ADEA8972}.Debug|x64.ActiveCfg = Debug|Any CPU
		{B43A3D21-5F01-4352-A292-7FE6ADEA8972}.Debug|x64.Build.0 = Debug|Any CPU
		{B43A3D21-5F01-4352-A292-7FE6ADEA8972}.Debug|x86.ActiveCfg = Debug|Any CPU
		{B43A3D21-5F01-4352-A292-7FE6ADEA8972}.Debug|x86.Build.0 = Debug|Any CPU
		{B43A3D21-5F01-4352-A292-7FE6ADEA8972}.Release|Any CPU.ActiveCfg = Release|Any CPU
		{B43A3D21-5F01-4352-A292-7FE6ADEA8972}.Release|Any CPU.Build.0 = Release|Any CPU
		{B43A3D21-5F01-4352-A292-7FE6ADEA8972}.Release|x64.ActiveCfg = Release|Any CPU
		{B43A3D21-5F01-4352-A292-7FE6ADEA8972}.Release|x64.Build.0 = Release|Any CPU
		{B43A3D21-5F01-4352-A292-7FE6ADEA8972}.Release|x86.ActiveCfg = Release|Any CPU
		{B43A3D21-5F01-4352-A292-7FE6ADEA8972}.Release|x86.Build.0 = Release|Any CPU
		{35F6C78C-1001-47A1-A1C2-BBF306ED7B3A}.Debug|Any CPU.ActiveCfg = Debug|Any CPU
		{35F6C78C-1001-47A1-A1C2-BBF306ED7B3A}.Debug|Any CPU.Build.0 = Debug|Any CPU
		{35F6C78C-1001-47A1-A1C2-BBF306ED7B3A}.Debug|x64.ActiveCfg = Debug|Any CPU
		{35F6C78C-1001-47A1-A1C2-BBF306ED7B3A}.Debug|x64.Build.0 = Debug|Any CPU
		{35F6C78C-1001-47A1-A1C2-BBF306ED7B3A}.Debug|x86.ActiveCfg = Debug|Any CPU
		{35F6C78C-1001-47A1-A1C2-BBF306ED7B3A}.Debug|x86.Build.0 = Debug|Any CPU
		{35F6C78C-1001-47A1-A1C2-BBF306ED7B3A}.Release|Any CPU.ActiveCfg = Release|Any CPU
		{35F6C78C-1001-47A1-A1C2-BBF306ED7B3A}.Release|Any CPU.Build.0 = Release|Any CPU
		{35F6C78C-1001-47A1-A1C2-BBF306ED7B3A}.Release|x64.ActiveCfg = Release|Any CPU
		{35F6C78C-1001-47A1-A1C2-BBF306ED7B3A}.Release|x64.Build.0 = Release|Any CPU
		{35F6C78C-1001-47A1-A1C2-BBF306ED7B3A}.Release|x86.ActiveCfg = Release|Any CPU
		{35F6C78C-1001-47A1-A1C2-BBF306ED7B3A}.Release|x86.Build.0 = Release|Any CPU
		{B203D9F7-E85B-4B5F-BD6B-1E5A87995E4D}.Debug|Any CPU.ActiveCfg = Debug|Any CPU
		{B203D9F7-E85B-4B5F-BD6B-1E5A87995E4D}.Debug|Any CPU.Build.0 = Debug|Any CPU
		{B203D9F7-E85B-4B5F-BD6B-1E5A87995E4D}.Debug|x64.ActiveCfg = Debug|Any CPU
		{B203D9F7-E85B-4B5F-BD6B-1E5A87995E4D}.Debug|x64.Build.0 = Debug|Any CPU
		{B203D9F7-E85B-4B5F-BD6B-1E5A87995E4D}.Debug|x86.ActiveCfg = Debug|Any CPU
		{B203D9F7-E85B-4B5F-BD6B-1E5A87995E4D}.Debug|x86.Build.0 = Debug|Any CPU
		{B203D9F7-E85B-4B5F-BD6B-1E5A87995E4D}.Release|Any CPU.ActiveCfg = Release|Any CPU
		{B203D9F7-E85B-4B5F-BD6B-1E5A87995E4D}.Release|Any CPU.Build.0 = Release|Any CPU
		{B203D9F7-E85B-4B5F-BD6B-1E5A87995E4D}.Release|x64.ActiveCfg = Release|Any CPU
		{B203D9F7-E85B-4B5F-BD6B-1E5A87995E4D}.Release|x64.Build.0 = Release|Any CPU
		{B203D9F7-E85B-4B5F-BD6B-1E5A87995E4D}.Release|x86.ActiveCfg = Release|Any CPU
		{B203D9F7-E85B-4B5F-BD6B-1E5A87995E4D}.Release|x86.Build.0 = Release|Any CPU
	EndGlobalSection
EndGlobal
